<?xml version="1.0" encoding="utf-8"?>
<Project ToolsVersion="4.0" xmlns="http://schemas.microsoft.com/developer/msbuild/2003">
  <ItemGroup>
    <Filter Include="Source Files">
      <UniqueIdentifier>{333ad434-314a-427d-826c-8be64918c771}</UniqueIdentifier>
      <Extensions>cpp;c;cxx;rc;def;r;odl;idl;hpj;bat</Extensions>
    </Filter>
    <Filter Include="Header Files">
      <UniqueIdentifier>{7eacc49e-4e77-43b5-8d6b-65db8ce5b358}</UniqueIdentifier>
      <Extensions>h;hpp;hxx;hm;inl</Extensions>
    </Filter>
  </ItemGroup>
  <ItemGroup>
    <ClCompile Include="ClipXClipboardMonitor.cpp">
      <Filter>Source Files</Filter>
    </ClCompile>
    <ClCompile Include="ClipXConfigPage.cpp">
      <Filter>Source Files</Filter>
    </ClCompile>
    <ClCompile Include="ClipXPlugin.cpp">
      <Filter>Source Files</Filter>
    </ClCompile>
    <ClCompile Include="ClipXPopupModifier.cpp">
      <Filter>Source Files</Filter>
    </ClCompile>
    <ClCompile Include="..\wasabi\src\precomp.cpp">
      <Filter>Source Files</Filter>
    </ClCompile>
    <ClCompile Include="..\wasabi\src\wac\waclient.cpp">
      <Filter>Source Files</Filter>
    </ClCompile>
  </ItemGroup>
  <ItemGroup>
    <ClInclude Include="ClipXClipboardMonitor.h">
      <Filter>Header Files</Filter>
    </ClInclude>
    <ClInclude Include="ClipXConfigPage.h">
      <Filter>Header Files</Filter>
    </ClInclude>
    <ClInclude Include="ClipXHost.h">
      <Filter>Header Files</Filter>
    </ClInclude>
    <ClInclude Include="ClipXPlugin.h">
      <Filter>Header Files</Filter>
    </ClInclude>
    <ClInclude Include="ClipXPopupModifier.h">
      <Filter>Header Files</Filter>
    </ClInclude>
    <ClInclude Include="..\wasabi\src\precomp.h">
      <Filter>Header Files</Filter>
    </ClInclude>
  </ItemGroup>
</Project>